
Microsoft Visual Studio Solution File, Format Version 12.00
Project("{FAE04EC0-301F-11D3-BF4B-00C04F79EFBC}") = "Gltf", "Gltf\Gltf.csproj", "{382B0555-B8B0-443B-B044-4E20E350F9D0}"
EndProject
Project("{FAE04EC0-301F-11D3-BF4B-00C04F79EFBC}") = "Gltf.Tests", "Gltf.Tests\Gltf.Tests.csproj", "{8ADEEAB2-4555-4EDE-9DF4-C0D28EBE72CD}"
EndProject
Global
	GlobalSection(SolutionConfigurationPlatforms) = preSolution
		Debug|Any CPU = Debug|Any CPU
		Release|Any CPU = Release|Any CPU
	EndGlobalSection
	GlobalSection(ProjectConfigurationPlatforms) = postSolution
		{382B0555-B8B0-443B-B044-4E20E350F9D0}.Debug|Any CPU.ActiveCfg = Debug|Any CPU
		{382B0555-B8B0-443B-B044-4E20E350F9D0}.Debug|Any CPU.Build.0 = Debug|Any CPU
		{382B0555-B8B0-443B-B044-4E20E350F9D0}.Release|Any CPU.ActiveCfg = Release|Any CPU
		{382B0555-B8B0-443B-B044-4E20E350F9D0}.Release|Any CPU.Build.0 = Release|Any CPU
		{8ADEEAB2-4555-4EDE-9DF4-C0D28EBE72CD}.Debug|Any CPU.ActiveCfg = Debug|Any CPU
		{8ADEEAB2-4555-4EDE-9DF4-C0D28EBE72CD}.Debug|Any CPU.Build.0 = Debug|Any CPU
		{8ADEEAB2-4555-4EDE-9DF4-C0D28EBE72CD}.Release|Any CPU.ActiveCfg = Release|Any CPU
		{8ADEEAB2-4555-4EDE-9DF4-C0D28EBE72CD}.Release|Any CPU.Build.0 = Release|Any CPU
	EndGlobalSection
EndGlobal
